
Microsoft Visual Studio Solution File, Format Version 12.00
# Visual Studio Version 17
VisualStudioVersion = 17.14.36930.0 d17.14
MinimumVisualStudioVersion = 10.0.40219.1
Project("{FAE04EC0-301F-11D3-BF4B-00C04F79EFBC}") = "SmartMarkMVC", "SmartMarkMVC.csproj", "{82AC8921-B941-5A8D-63CB-07E311CA3DAC}"
EndProject
Global
	GlobalSection(SolutionConfigurationPlatforms) = preSolution
		Debug|Any CPU = Debug|Any CPU
		Release|Any CPU = Release|Any CPU
	EndGlobalSection
	GlobalSection(ProjectConfigurationPlatforms) = postSolution
		{82AC8921-B941-5A8D-63CB-07E311CA3DAC}.Debug|Any CPU.ActiveCfg = Debug|Any CPU
		{82AC8921-B941-5A8D-63CB-07E311CA3DAC}.Debug|Any CPU.Build.0 = Debug|Any CPU
		{82AC8921-B941-5A8D-63CB-07E311CA3DAC}.Release|Any CPU.ActiveCfg = Release|Any CPU
		{82AC8921-B941-5A8D-63CB-07E311CA3DAC}.Release|Any CPU.Build.0 = Release|Any CPU
	EndGlobalSection
	GlobalSection(SolutionProperties) = preSolution
		HideSolutionNode = FALSE
	EndGlobalSection
	GlobalSection(ExtensibilityGlobals) = postSolution
		SolutionGuid = {7DD03B9A-12B2-4688-91E1-D31032EBF58C}
	EndGlobalSection
EndGlobal
